
Microsoft Visual Studio Solution File, Format Version 12.00
# Visual Studio Version 17
VisualStudioVersion = 17.6.33723.286
MinimumVisualStudioVersion = 10.0.40219.1
Project("{9A19103F-16F7-4668-BE54-9A1E7A4F7556}") = "OpenKSProject", "OpenKSProject.csproj", "{6F4846D9-78DB-4AFB-87B1-D8CC938739BB}"
EndProject
Project("{2150E333-8FDC-42A3-9474-1A3956D46DE8}") = "Solution Items", "Solution Items", "{0DA3B5AE-B09A-4E1A-81F3-068DD0086E9B}"
EndProject
Global
	GlobalSection(SolutionConfigurationPlatforms) = preSolution
		Debug|Any CPU = Debug|Any CPU
		Release|Any CPU = Release|Any CPU
	EndGlobalSection
	GlobalSection(ProjectConfigurationPlatforms) = postSolution
		{6F4846D9-78DB-4AFB-87B1-D8CC938739BB}.Debug|Any CPU.ActiveCfg = Debug|Any CPU
		{6F4846D9-78DB-4AFB-87B1-D8CC938739BB}.Debug|Any CPU.Build.0 = Debug|Any CPU
		{6F4846D9-78DB-4AFB-87B1-D8CC938739BB}.Release|Any CPU.ActiveCfg = Release|Any CPU
		{6F4846D9-78DB-4AFB-87B1-D8CC938739BB}.Release|Any CPU.Build.0 = Release|Any CPU
	EndGlobalSection
	GlobalSection(SolutionProperties) = preSolution
		HideSolutionNode = FALSE
	EndGlobalSection
	GlobalSection(ExtensibilityGlobals) = postSolution
		SolutionGuid = {F85D7D2B-7924-43D8-8998-4B69803829D8}
	EndGlobalSection
EndGlobal
